
Microsoft Visual Studio Solution File, Format Version 12.00
# Visual Studio Version 16
VisualStudioVersion = 16.0.31424.327
MinimumVisualStudioVersion = 10.0.40219.1
Project("{FAE04EC0-301F-11D3-BF4B-00C04F79EFBC}") = "Algorithms", "Algorithms\Algorithms.csproj", "{113B43C3-0ABD-4ACE-8999-4DDEDCBF4950}"
EndProject
Global
	GlobalSection(SolutionConfigurationPlatforms) = preSolution
		Debug|Any CPU = Debug|Any CPU
		Release|Any CPU = Release|Any CPU
	EndGlobalSection
	GlobalSection(ProjectConfigurationPlatforms) = postSolution
		{113B43C3-0ABD-4ACE-8999-4DDEDCBF4950}.Debug|Any CPU.ActiveCfg = Debug|Any CPU
		{113B43C3-0ABD-4ACE-8999-4DDEDCBF4950}.Debug|Any CPU.Build.0 = Debug|Any CPU
		{113B43C3-0ABD-4ACE-8999-4DDEDCBF4950}.Release|Any CPU.ActiveCfg = Release|Any CPU
		{113B43C3-0ABD-4ACE-8999-4DDEDCBF4950}.Release|Any CPU.Build.0 = Release|Any CPU
	EndGlobalSection
	GlobalSection(SolutionProperties) = preSolution
		HideSolutionNode = FALSE
	EndGlobalSection
	GlobalSection(ExtensibilityGlobals) = postSolution
		SolutionGuid = {DC2FAF43-02AA-4FAB-9F49-766E43EC00FC}
	EndGlobalSection
EndGlobal
